// !$*UTF8*$!
{
	archiveVersion = 1;
	classes = {
	};
	objectVersion = 46;
	objects = {

/* Begin PBXBuildFile section */
		09B95FBF19E6C99100054DDF /* main.m in Sources */ = {isa = PBXBuildFile; fileRef = 09B95FBE19E6C99100054DDF /* main.m */; };
		09B95FC219E6C99100054DDF /* AppDelegate.m in Sources */ = {isa = PBXBuildFile; fileRef = 09B95FC119E6C99100054DDF /* AppDelegate.m */; };
		09B95FC519E6C99100054DDF /* ViewController.m in Sources */ = {isa = PBXBuildFile; fileRef = 09B95FC419E6C99100054DDF /* ViewController.m */; };
		09B95FC819E6C99200054DDF /* Main.storyboard in Resources */ = {isa = PBXBuildFile; fileRef = 09B95FC619E6C99200054DDF /* Main.storyboard */; };
		09B95FCA19E6C99200054DDF /* Images.xcassets in Resources */ = {isa = PBXBuildFile; fileRef = 09B95FC919E6C99200054DDF /* Images.xcassets */; };
		09B95FD619E6C99200054DDF /* Github_ExpTests.m in Sources */ = {isa = PBXBuildFile; fileRef = 09B95FD519E6C99200054DDF /* Github_ExpTests.m */; };
/* End PBXBuildFile section */

/* Begin PBXContainerItemProxy section */
		09B95FD019E6C99200054DDF /* PBXContainerItemProxy */ = {
			isa = PBXContainerItemProxy;
			containerPortal = 09B95FB119E6C99100054DDF /* Project object */;
			proxyType = 1;
			remoteGlobalIDString = 09B95FB819E6C99100054DDF;
			remoteInfo = Github_Exp;
		};
/* End PBXContainerItemProxy section */

/* Begin PBXFileReference section */
		09B95FB919E6C99100054DDF /* Github_Exp.app */ = {isa = PBXFileReference; explicitFileType = wrapper.application; includeInIndex = 0; path = Github_Exp.app; sourceTree = BUILT_PRODUCTS_DIR; };
		09B95FBD19E6C99100054DDF /* Info.plist */ = {isa = PBXFileReference; lastKnownFileType = text.plist.xml; path = Info.plist; sourceTree = "<group>"; };
		09B95FBE19E6C99100054DDF /* main.m */ = {isa = PBXFileReference; lastKnownFileType = sourcecode.c.objc; path = main.m; sourceTree = "<group>"; };
		09B95FC019E6C99100054DDF /* AppDelegate.h */ = {isa = PBXFileReference; lastKnownFileType = sourcecode.c.h; path = AppDelegate.h; sourceTree = "<group>"; };
		09B95FC119E6C99100054DDF /* AppDelegate.m */ = {isa = PBXFileReference; lastKnownFileType = sourcecode.c.objc; path = AppDelegate.m; sourceTree = "<group>"; };
		09B95FC319E6C99100054DDF /* ViewController.h */ = {isa = PBXFileReference; lastKnownFileType = sourcecode.c.h; path = ViewController.h; sourceTree = "<group>"; };
		09B95FC419E6C99100054DDF /* ViewController.m */ = {isa = PBXFileReference; lastKnownFileType = sourcecode.c.objc; path = ViewController.m; sourceTree = "<group>"; };
		09B95FC719E6C99200054DDF /* Base */ = {isa = PBXFileReference; lastKnownFileType = file.storyboard; name = Base; path = Base.lproj/Main.storyboard; sourceTree = "<group>"; };
		09B95FC919E6C99200054DDF /* Images.xcassets */ = {isa = PBXFileReference; lastKnownFileType = folder.assetcatalog; path = Images.xcassets; sourceTree = "<group>"; };
		09B95FCF19E6C99200054DDF /* Github_ExpTests.xctest */ = {isa = PBXFileReference; explicitFileType = wrapper.cfbundle; includeInIndex = 0; path = Github_ExpTests.xctest; sourceTree = BUILT_PRODUCTS_DIR; };
		09B95FD419E6C99200054DDF /* Info.plist */ = {isa = PBXFileReference; lastKnownFileType = text.plist.xml; path = Info.plist; sourceTree = "<group>"; };
		09B95FD519E6C99200054DDF /* Github_ExpTests.m */ = {isa = PBXFileReference; lastKnownFileType = sourcecode.c.objc; path = Github_ExpTests.m; sourceTree = "<group>"; };
/* End PBXFileReference section */

/* Begin PBXFrameworksBuildPhase section */
		09B95FB619E6C99100054DDF /* Frameworks */ = {
			isa = PBXFrameworksBuildPhase;
			buildActionMask = 2147483647;
			files = (
			);
			runOnlyForDeploymentPostprocessing = 0;
		};
		09B95FCC19E6C99200054DDF /* Frameworks */ = {
			isa = PBXFrameworksBuildPhase;
			buildActionMask = 2147483647;
			files = (
			);
			runOnlyForDeploymentPostprocessing = 0;
		};
/* End PBXFrameworksBuildPhase section */

/* Begin PBXGroup section */
		09B95FB019E6C99100054DDF = {
			isa = PBXGroup;
			children = (
				09B95FBB19E6C99100054DDF /* Github_Exp */,
				09B95FD219E6C99200054DDF /* Github_ExpTests */,
				09B95FBA19E6C99100054DDF /* Products */,
			);
			sourceTree = "<group>";
		};
		09B95FBA19E6C99100054DDF /* Products */ = {
			isa = PBXGroup;
			children = (
				09B95FB919E6C99100054DDF /* Github_Exp.app */,
				09B95FCF19E6C99200054DDF /* Github_ExpTests.xctest */,
			);
			name = Products;
			sourceTree = "<group>";
		};
		09B95FBB19E6C99100054DDF /* Github_Exp */ = {
			isa = PBXGroup;
			children = (
				09B95FC019E6C99100054DDF /* AppDelegate.h */,
				09B95FC119E6C99100054DDF /* AppDelegate.m */,
				09B95FC319E6C99100054DDF /* ViewController.h */,
				09B95FC419E6C99100054DDF /* ViewController.m */,
				09B95FC619E6C99200054DDF /* Main.storyboard */,
				09B95FC919E6C99200054DDF /* Images.xcassets */,
				09B95FBC19E6C99100054DDF /* Supporting Files */,
			);
			path = Github_Exp;
			sourceTree = "<group>";
		};
		09B95FBC19E6C99100054DDF /* Supporting Files */ = {
			isa = PBXGroup;
			children = (
				09B95FBD19E6C99100054DDF /* Info.plist */,
				09B95FBE19E6C99100054DDF /* main.m */,
			);
			name = "Supporting Files";
			sourceTree = "<group>";
		};
		09B95FD219E6C99200054DDF /* Github_ExpTests */ = {
			isa = PBXGroup;
			children = (
				09B95FD519E6C99200054DDF /* Github_ExpTests.m */,
				09B95FD319E6C99200054DDF /* Supporting Files */,
			);
			path = Github_ExpTests;
			sourceTree = "<group>";
		};
		09B95FD319E6C99200054DDF /* Supporting Files */ = {
			isa = PBXGroup;
			children = (
				09B95FD419E6C99200054DDF /* Info.plist */,
			);
			name = "Supporting Files";
			sourceTree = "<group>";
		};
/* End PBXGroup section */

/* Begin PBXNativeTarget section */
		09B95FB819E6C99100054DDF /* Github_Exp */ = {
			isa = PBXNativeTarget;
			buildConfigurationList = 09B95FD919E6C99200054DDF /* Build configuration list for PBXNativeTarget "Github_Exp" */;
			buildPhases = (
				09B95FB519E6C99100054DDF /* Sources */,
				09B95FB619E6C99100054DDF /* Frameworks */,
				09B95FB719E6C99100054DDF /* Resources */,
			);
			buildRules = (
			);
			dependencies = (
			);
			name = Github_Exp;
			productName = Github_Exp;
			productReference = 09B95FB919E6C99100054DDF /* Github_Exp.app */;
			productType = "com.apple.product-type.application";
		};
		09B95FCE19E6C99200054DDF /* Github_ExpTests */ = {
			isa = PBXNativeTarget;
			buildConfigurationList = 09B95FDC19E6C99200054DDF /* Build configuration list for PBXNativeTarget "Github_ExpTests" */;
			buildPhases = (
				09B95FCB19E6C99200054DDF /* Sources */,
				09B95FCC19E6C99200054DDF /* Frameworks */,
				09B95FCD19E6C99200054DDF /* Resources */,
			);
			buildRules = (
			);
			dependencies = (
				09B95FD119E6C99200054DDF /* PBXTargetDependency */,
			);
			name = Github_ExpTests;
			productName = Github_ExpTests;
			productReference = 09B95FCF19E6C99200054DDF /* Github_ExpTests.xctest */;
			productType = "com.apple.product-type.bundle.unit-test";
		};
/* End PBXNativeTarget section */

/* Begin PBXProject section */
		09B95FB119E6C99100054DDF /* Project object */ = {
			isa = PBXProject;
			attributes = {
				LastUpgradeCheck = 0600;
				ORGANIZATIONNAME = WASIMSAFDAR;
				TargetAttributes = {
					09B95FB819E6C99100054DDF = {
						CreatedOnToolsVersion = 6.0;
					};
					09B95FCE19E6C99200054DDF = {
						CreatedOnToolsVersion = 6.0;
						TestTargetID = 09B95FB819E6C99100054DDF;
					};
				};
			};
			buildConfigurationList = 09B95FB419E6C99100054DDF /* Build configuration list for PBXProject "Github_Exp" */;
			compatibilityVersion = "Xcode 3.2";
			developmentRegion = English;
			hasScannedForEncodings = 0;
			knownRegions = (
				en,
				Base,
			);
			mainGroup = 09B95FB019E6C99100054DDF;
			productRefGroup = 09B95FBA19E6C99100054DDF /* Products */;
			projectDirPath = "";
			projectRoot = "";
			targets = (
				09B95FB819E6C99100054DDF /* Github_Exp */,
				09B95FCE19E6C99200054DDF /* Github_ExpTests */,
			);
		};
/* End PBXProject section */

/* Begin PBXResourcesBuildPhase section */
		09B95FB719E6C99100054DDF /* Resources */ = {
			isa = PBXResourcesBuildPhase;
			buildActionMask = 2147483647;
			files = (
				09B95FC819E6C99200054DDF /* Main.storyboard in Resources */,
				09B95FCA19E6C99200054DDF /* Images.xcassets in Resources */,
			);
			runOnlyForDeploymentPostprocessing = 0;
		};
		09B95FCD19E6C99200054DDF /* Resources */ = {
			isa = PBXResourcesBuildPhase;
			buildActionMask = 2147483647;
			files = (
			);
			runOnlyForDeploymentPostprocessing = 0;
		};
/* End PBXResourcesBuildPhase section */

/* Begin PBXSourcesBuildPhase section */
		09B95FB519E6C99100054DDF /* Sources */ = {
			isa = PBXSourcesBuildPhase;
			buildActionMask = 2147483647;
			files = (
				09B95FC519E6C99100054DDF /* ViewController.m in Sources */,
				09B95FC219E6C99100054DDF /* AppDelegate.m in Sources */,
				09B95FBF19E6C99100054DDF /* main.m in Sources */,
			);
			runOnlyForDeploymentPostprocessing = 0;
		};
		09B95FCB19E6C99200054DDF /* Sources */ = {
			isa = PBXSourcesBuildPhase;
			buildActionMask = 2147483647;
			files = (
				09B95FD619E6C99200054DDF /* Github_ExpTests.m in Sources */,
			);
			runOnlyForDeploymentPostprocessing = 0;
		};
/* End PBXSourcesBuildPhase section */

/* Begin PBXTargetDependency section */
		09B95FD119E6C99200054DDF /* PBXTargetDependency */ = {
			isa = PBXTargetDependency;
			target = 09B95FB819E6C99100054DDF /* Github_Exp */;
			targetProxy = 09B95FD019E6C99200054DDF /* PBXContainerItemProxy */;
		};
/* End PBXTargetDependency section */

/* Begin PBXVariantGroup section */
		09B95FC619E6C99200054DDF /* Main.storyboard */ = {
			isa = PBXVariantGroup;
			children = (
				09B95FC719E6C99200054DDF /* Base */,
			);
			name = Main.storyboard;
			sourceTree = "<group>";
		};
/* End PBXVariantGroup section */

/* Begin XCBuildConfiguration section */
		09B95FD719E6C99200054DDF /* Debug */ = {
			isa = XCBuildConfiguration;
			buildSettings = {
				ALWAYS_SEARCH_USER_PATHS = NO;
				CLANG_CXX_LANGUAGE_STANDARD = "gnu++0x";
				CLANG_CXX_LIBRARY = "libc++";
				CLANG_ENABLE_MODULES = YES;
				CLANG_ENABLE_OBJC_ARC = YES;
				CLANG_WARN_BOOL_CONVERSION = YES;
				CLANG_WARN_CONSTANT_CONVERSION = YES;
				CLANG_WARN_DIRECT_OBJC_ISA_USAGE = YES_ERROR;
				CLANG_WARN_EMPTY_BODY = YES;
				CLANG_WARN_ENUM_CONVERSION = YES;
				CLANG_WARN_INT_CONVERSION = YES;
				CLANG_WARN_OBJC_ROOT_CLASS = YES_ERROR;
				CLANG_WARN_UNREACHABLE_CODE = YES;
				CLANG_WARN__DUPLICATE_METHOD_MATCH = YES;
				"CODE_SIGN_IDENTITY[sdk=iphoneos*]" = "iPhone Developer";
				COPY_PHASE_STRIP = NO;
				ENABLE_STRICT_OBJC_MSGSEND = YES;
				GCC_C_LANGUAGE_STANDARD = gnu99;
				GCC_DYNAMIC_NO_PIC = NO;
				GCC_OPTIMIZATION_LEVEL = 0;
				GCC_PREPROCESSOR_DEFINITIONS = (
					"DEBUG=1",
					"$(inherited)",
				);
				GCC_SYMBOLS_PRIVATE_EXTERN = NO;
				GCC_WARN_64_TO_32_BIT_CONVERSION = YES;
				GCC_WARN_ABOUT_RETURN_TYPE = YES_ERROR;
				GCC_WARN_UNDECLARED_SELECTOR = YES;
				GCC_WARN_UNINITIALIZED_AUTOS = YES_AGGRESSIVE;
				GCC_WARN_UNUSED_FUNCTION = YES;
				GCC_WARN_UNUSED_VARIABLE = YES;
				IPHONEOS_DEPLOYMENT_TARGET = 8.0;
				MTL_ENABLE_DEBUG_INFO = YES;
				ONLY_ACTIVE_ARCH = YES;
				SDKROOT = iphoneos;
			};
			name = Debug;
		};
		09B95FD819E6C99200054DDF /* Release */ = {
			isa = XCBuildConfiguration;
			buildSettings = {
				ALWAYS_SEARCH_USER_PATHS = NO;
				CLANG_CXX_LANGUAGE_STANDARD = "gnu++0x";
				CLANG_CXX_LIBRARY = "libc++";
				CLANG_ENABLE_MODULES = YES;
				CLANG_ENABLE_OBJC_ARC = YES;
				CLANG_WARN_BOOL_CONVERSION = YES;
				CLANG_WARN_CONSTANT_CONVERSION = YES;
				CLANG_WARN_DIRECT_OBJC_ISA_USAGE = YES_ERROR;
				CLANG_WARN_EMPTY_BODY = YES;
				CLANG_WARN_ENUM_CONVERSION = YES;
				CLANG_WARN_INT_CONVERSION = YES;
				CLANG_WARN_OBJC_ROOT_CLASS = YES_ERROR;
				CLANG_WARN_UNREACHABLE_CODE = YES;
				CLANG_WARN__DUPLICATE_METHOD_MATCH = YES;
				"CODE_SIGN_IDENTITY[sdk=iphoneos*]" = "iPhone Developer";
				COPY_PHASE_STRIP = YES;
				ENABLE_NS_ASSERTIONS = NO;
				ENABLE_STRICT_OBJC_MSGSEND = YES;
				GCC_C_LANGUAGE_STANDARD = gnu99;
				GCC_WARN_64_TO_32_BIT_CONVERSION = YES;
				GCC_WARN_ABOUT_RETURN_TYPE = YES_ERROR;
				GCC_WARN_UNDECLARED_SELECTOR = YES;
				GCC_WARN_UNINITIALIZED_AUTOS = YES_AGGRESSIVE;
				GCC_WARN_UNUSED_FUNCTION = YES;
				GCC_WARN_UNUSED_VARIABLE = YES;
				IPHONEOS_DEPLOYMENT_TARGET = 8.0;
				MTL_ENABLE_DEBUG_INFO = NO;
				SDKROOT = iphoneos;
				VALIDATE_PRODUCT = YES;
			};
			name = Release;
		};
		09B95FDA19E6C99200054DDF /* Debug */ = {
			isa = XCBuildConfiguration;
			buildSettings = {
				ASSETCATALOG_COMPILER_APPICON_NAME = AppIcon;
				ASSETCATALOG_COMPILER_LAUNCHIMAGE_NAME = LaunchImage;
				INFOPLIST_FILE = Github_Exp/Info.plist;
				LD_RUNPATH_SEARCH_PATHS = "$(inherited) @executable_path/Frameworks";
				PRODUCT_NAME = "$(TARGET_NAME)";
			};
			name = Debug;
		};
		09B95FDB19E6C99200054DDF /* Release */ = {
			isa = XCBuildConfiguration;
			buildSettings = {
				ASSETCATALOG_COMPILER_APPICON_NAME = AppIcon;
				ASSETCATALOG_COMPILER_LAUNCHIMAGE_NAME = LaunchImage;
				INFOPLIST_FILE = Github_Exp/Info.plist;
				LD_RUNPATH_SEARCH_PATHS = "$(inherited) @executable_path/Frameworks";
				PRODUCT_NAME = "$(TARGET_NAME)";
			};
			name = Release;
		};
		09B95FDD19E6C99200054DDF /* Debug */ = {
			isa = XCBuildConfiguration;
			buildSettings = {
				BUNDLE_LOADER = "$(BUILT_PRODUCTS_DIR)/Github_Exp.app/Github_Exp";
				FRAMEWORK_SEARCH_PATHS = (
					"$(SDKROOT)/Developer/Library/Frameworks",
					"$(inherited)",
				);
				GCC_PREPROCESSOR_DEFINITIONS = (
					"DEBUG=1",
					"$(inherited)",
				);
				INFOPLIST_FILE = Github_ExpTests/Info.plist;
				LD_RUNPATH_SEARCH_PATHS = "$(inherited) @executable_path/Frameworks @loader_path/Frameworks";
				PRODUCT_NAME = "$(TARGET_NAME)";
				TEST_HOST = "$(BUNDLE_LOADER)";
			};
			name = Debug;
		};
		09B95FDE19E6C99200054DDF /* Release */ = {
			isa = XCBuildConfiguration;
			buildSettings = {
				BUNDLE_LOADER = "$(BUILT_PRODUCTS_DIR)/Github_Exp.app/Github_Exp";
				FRAMEWORK_SEARCH_PATHS = (
					"$(SDKROOT)/Developer/Library/Frameworks",
					"$(inherited)",
				);
				INFOPLIST_FILE = Github_ExpTests/Info.plist;
				LD_RUNPATH_SEARCH_PATHS = "$(inherited) @executable_path/Frameworks @loader_path/Frameworks";
				PRODUCT_NAME = "$(TARGET_NAME)";
				TEST_HOST = "$(BUNDLE_LOADER)";
			};
			name = Release;
		};
/* End XCBuildConfiguration section */

/* Begin XCConfigurationList section */
		09B95FB419E6C99100054DDF /* Build configuration list for PBXProject "Github_Exp" */ = {
			isa = XCConfigurationList;
			buildConfigurations = (
				09B95FD719E6C99200054DDF /* Debug */,
				09B95FD819E6C99200054DDF /* Release */,
			);
			defaultConfigurationIsVisible = 0;
			defaultConfigurationName = Release;
		};
		09B95FD919E6C99200054DDF /* Build configuration list for PBXNativeTarget "Github_Exp" */ = {
			isa = XCConfigurationList;
			buildConfigurations = (
				09B95FDA19E6C99200054DDF /* Debug */,
				09B95FDB19E6C99200054DDF /* Release */,
			);
			defaultConfigurationIsVisible = 0;
		};
		09B95FDC19E6C99200054DDF /* Build configuration list for PBXNativeTarget "Github_ExpTests" */ = {
			isa = XCConfigurationList;
			buildConfigurations = (
				09B95FDD19E6C99200054DDF /* Debug */,
				09B95FDE19E6C99200054DDF /* Release */,
			);
			defaultConfigurationIsVisible = 0;
		};
/* End XCConfigurationList section */
	};
	rootObject = 09B95FB119E6C99100054DDF /* Project object */;
}
